
Microsoft Visual Studio Solution File, Format Version 11.00
# Visual C++ Express 2010
Project("{8BC9CEB8-8B4A-11D0-8D11-00A0C91BC942}") = "02_Cpp", "02_Cpp.vcxproj", "{877D80D3-C8B9-FD47-B17D-F1FA5C24AACF}"
EndProject
Global
	GlobalSection(SolutionConfigurationPlatforms) = preSolution
		Debug|Win32 = Debug|Win32
		Release|Win32 = Release|Win32
	EndGlobalSection
	GlobalSection(ProjectConfigurationPlatforms) = postSolution
		{877D80D3-C8B9-FD47-B17D-F1FA5C24AACF}.Debug|Win32.ActiveCfg = Debug|Win32
		{877D80D3-C8B9-FD47-B17D-F1FA5C24AACF}.Debug|Win32.Build.0 = Debug|Win32
		{877D80D3-C8B9-FD47-B17D-F1FA5C24AACF}.Release|Win32.ActiveCfg = Release|Win32
		{877D80D3-C8B9-FD47-B17D-F1FA5C24AACF}.Release|Win32.Build.0 = Release|Win32
	EndGlobalSection
	GlobalSection(SolutionProperties) = preSolution
		HideSolutionNode = FALSE
	EndGlobalSection
EndGlobal
